{
  "name": "hexo-site",
  "version": "0.0.0",
  "lockfileVersion": 1,
  "requires": true,
  "dependencies": {
    "ansi-styles": {
      "version": "4.2.1",
      "resolved": "https://registry.npm.taobao.org/ansi-styles/download/ansi-styles-4.2.1.tgz",
      "dependencies": {
        "@types/color-name": {
          "version": "https://registry.npm.taobao.org/@types/color-name/download/@types/color-name-1.1.1.tgz",
          "bundled": true
        },
        "color-convert": {
          "version": "https://registry.npm.taobao.org/color-convert/download/color-convert-2.0.1.tgz",
          "bundled": true
        }
      }
    },
    "bluebird": {
      "version": "3.7.2",
      "resolved": "https://registry.npm.taobao.org/bluebird/download/bluebird-3.7.2.tgz"
    },
    "hexo": {
      "version": "4.2.1",
      "resolved": "https://registry.npm.taobao.org/hexo/download/hexo-4.2.1.tgz",
      "requires": {
        "bluebird": "^3.5.2",
        "hexo-fs": "^2.0.1",
        "swig-templates": "^2.0.3"
      },
      "dependencies": {
        "abbrev": {
          "version": "https://registry.npm.taobao.org/abbrev/download/abbrev-1.1.1.tgz"
        },
        "archy": {
          "version": "https://registry.npm.taobao.org/archy/download/archy-1.0.0.tgz"
        },
        "bluebird": {
          "version": "https://registry.npm.taobao.org/bluebird/download/bluebird-3.7.2.tgz"
        },
        "chalk": {
          "version": "https://registry.npm.taobao.org/chalk/download/chalk-3.0.0.tgz?cache=0&sync_timestamp=1585816058734&other_urls=https%3A%2F%2Fregistry.npm.taobao.org%2Fchalk%2Fdownload%2Fchalk-3.0.0.tgz"
        },
        "hexo-cli": {
          "version": "https://registry.npm.taobao.org/hexo-cli/download/hexo-cli-3.1.0.tgz"
        },
        "hexo-front-matter": {
          "version": "https://registry.npm.taobao.org/hexo-front-matter/download/hexo-front-matter-1.0.0.tgz?cache=0&other_urls=https%3A%2F%2Fregistry.npm.taobao.org%2Fhexo-front-matter%2Fdownload%2Fhexo-front-matter-1.0.0.tgz"
        },
        "hexo-fs": {
          "version": "https://registry.npm.taobao.org/hexo-fs/download/hexo-fs-2.0.1.tgz?cache=0&sync_timestamp=1590154522050&other_urls=https%3A%2F%2Fregistry.npm.taobao.org%2Fhexo-fs%2Fdownload%2Fhexo-fs-2.0.1.tgz",
          "dependencies": {
            "bluebird": {
              "version": "https://registry.npm.taobao.org/bluebird/download/bluebird-3.7.2.tgz",
              "bundled": true
            },
            "chokidar": {
              "version": "https://registry.npm.taobao.org/chokidar/download/chokidar-3.4.0.tgz?cache=0&sync_timestamp=1587911196018&other_urls=https%3A%2F%2Fregistry.npm.taobao.org%2Fchokidar%2Fdownload%2Fchokidar-3.4.0.tgz",
              "bundled": true
            },
            "escape-string-regexp": {
              "version": "https://registry.npm.taobao.org/escape-string-regexp/download/escape-string-regexp-2.0.0.tgz",
              "bundled": true
            },
            "graceful-fs": {
              "version": "https://registry.npm.taobao.org/graceful-fs/download/graceful-fs-4.2.4.tgz?cache=0&sync_timestamp=1588086905523&other_urls=https%3A%2F%2Fregistry.npm.taobao.org%2Fgraceful-fs%2Fdownload%2Fgraceful-fs-4.2.4.tgz",
              "bundled": true
            }
          }
        },
        "hexo-i18n": {
          "version": "https://registry.npm.taobao.org/hexo-i18n/download/hexo-i18n-1.0.0.tgz"
        },
        "hexo-log": {
          "version": "https://registry.npm.taobao.org/hexo-log/download/hexo-log-1.0.0.tgz",
          "dependencies": {
            "chalk": {
              "version": "https://registry.npm.taobao.org/chalk/download/chalk-2.4.2.tgz?cache=0&sync_timestamp=1585816058734&other_urls=https%3A%2F%2Fregistry.npm.taobao.org%2Fchalk%2Fdownload%2Fchalk-2.4.2.tgz",
              "dependencies": {
                "ansi-styles": {
                  "version": "https://registry.npm.taobao.org/ansi-styles/download/ansi-styles-3.2.1.tgz"
                },
                "escape-string-regexp": {
                  "version": "https://registry.npm.taobao.org/escape-string-regexp/download/escape-string-regexp-1.0.5.tgz"
                },
                "supports-color": {
                  "version": "https://registry.npm.taobao.org/supports-color/download/supports-color-5.5.0.tgz"
                }
              }
            },
            "hexo-bunyan": {
              "version": "https://registry.npm.taobao.org/hexo-bunyan/download/hexo-bunyan-2.0.0.tgz"
            }
          }
        },
        "hexo-util": {
          "version": "https://registry.npm.taobao.org/hexo-util/download/hexo-util-1.9.1.tgz",
          "dependencies": {
            "bluebird": {
              "version": "https://registry.npm.taobao.org/bluebird/download/bluebird-3.7.2.tgz",
              "bundled": true
            },
            "camel-case": {
              "version": "https://registry.npm.taobao.org/camel-case/download/camel-case-4.1.1.tgz",
              "bundled": true
            },
            "cross-spawn": {
              "version": "https://registry.npm.taobao.org/cross-spawn/download/cross-spawn-7.0.3.tgz?cache=0&sync_timestamp=1590421014780&other_urls=https%3A%2F%2Fregistry.npm.taobao.org%2Fcross-spawn%2Fdownload%2Fcross-spawn-7.0.3.tgz",
              "bundled": true
            },
            "deepmerge": {
              "version": "https://registry.npm.taobao.org/deepmerge/download/deepmerge-4.2.2.tgz",
              "bundled": true
            },
            "highlight.js": {
              "version": "https://registry.npm.taobao.org/highlight.js/download/highlight.js-9.18.1.tgz",
              "bundled": true
            },
            "htmlparser2": {
              "version": "https://registry.npm.taobao.org/htmlparser2/download/htmlparser2-4.1.0.tgz",
              "bundled": true
            },
            "prismjs": {
              "version": "https://registry.npm.taobao.org/prismjs/download/prismjs-1.20.0.tgz?cache=0&other_urls=https%3A%2F%2Fregistry.npm.taobao.org%2Fprismjs%2Fdownload%2Fprismjs-1.20.0.tgz",
              "bundled": true
            },
            "punycode.js": {
              "version": "https://registry.npm.taobao.org/punycode.js/download/punycode.js-2.1.0.tgz",
              "bundled": true
            },
            "strip-indent": {
              "version": "https://registry.npm.taobao.org/strip-indent/download/strip-indent-3.0.0.tgz",
              "bundled": true
            },
            "striptags": {
              "version": "https://registry.npm.taobao.org/striptags/download/striptags-3.1.1.tgz",
              "bundled": true
            }
          }
        },
        "js-yaml": {
          "version": "https://registry.npm.taobao.org/js-yaml/download/js-yaml-3.14.0.tgz?cache=0&sync_timestamp=1590172281856&other_urls=https%3A%2F%2Fregistry.npm.taobao.org%2Fjs-yaml%2Fdownload%2Fjs-yaml-3.14.0.tgz",
          "dependencies": {
            "argparse": {
              "version": "https://registry.npm.taobao.org/argparse/download/argparse-1.0.10.tgz",
              "bundled": true
            },
            "esprima": {
              "version": "https://registry.npm.taobao.org/esprima/download/esprima-4.0.1.tgz",
              "bundled": true
            }
          }
        },
        "lodash": {
          "version": "https://registry.npm.taobao.org/lodash/download/lodash-4.17.15.tgz"
        },
        "micromatch": {
          "version": "https://registry.npm.taobao.org/micromatch/download/micromatch-4.0.2.tgz"
        },
        "moment": {
          "version": "https://registry.npm.taobao.org/moment/download/moment-2.26.0.tgz?cache=0&other_urls=https%3A%2F%2Fregistry.npm.taobao.org%2Fmoment%2Fdownload%2Fmoment-2.26.0.tgz"
        },
        "moment-timezone": {
          "version": "https://registry.npm.taobao.org/moment-timezone/download/moment-timezone-0.5.31.tgz?cache=0&sync_timestamp=1589720126509&other_urls=https%3A%2F%2Fregistry.npm.taobao.org%2Fmoment-timezone%2Fdownload%2Fmoment-timezone-0.5.31.tgz"
        },
        "nunjucks": {
          "version": "https://registry.npm.taobao.org/nunjucks/download/nunjucks-3.2.1.tgz?cache=0&sync_timestamp=1584453755033&other_urls=https%3A%2F%2Fregistry.npm.taobao.org%2Fnunjucks%2Fdownload%2Fnunjucks-3.2.1.tgz"
        },
        "pretty-hrtime": {
          "version": "https://registry.npm.taobao.org/pretty-hrtime/download/pretty-hrtime-1.0.3.tgz"
        },
        "resolve": {
          "version": "https://registry.npm.taobao.org/resolve/download/resolve-1.17.0.tgz",
          "dependencies": {
            "path-parse": {
              "version": "https://registry.npm.taobao.org/path-parse/download/path-parse-1.0.6.tgz",
              "bundled": true
            }
          }
        },
        "strip-ansi": {
          "version": "https://registry.npm.taobao.org/strip-ansi/download/strip-ansi-6.0.0.tgz"
        },
        "strip-indent": {
          "version": "https://registry.npm.taobao.org/strip-indent/download/strip-indent-3.0.0.tgz",
          "dependencies": {
            "min-indent": {
              "version": "https://registry.npm.taobao.org/min-indent/download/min-indent-1.0.1.tgz?cache=0&sync_timestamp=1590693908857&other_urls=https%3A%2F%2Fregistry.npm.taobao.org%2Fmin-indent%2Fdownload%2Fmin-indent-1.0.1.tgz"
            }
          }
        },
        "swig-extras": {
          "version": "https://registry.npm.taobao.org/swig-extras/download/swig-extras-0.0.1.tgz"
        },
        "swig-templates": {
          "version": "https://registry.npm.taobao.org/swig-templates/download/swig-templates-2.0.3.tgz"
        },
        "text-table": {
          "version": "https://registry.npm.taobao.org/text-table/download/text-table-0.2.0.tgz"
        },
        "tildify": {
          "version": "https://registry.npm.taobao.org/tildify/download/tildify-2.0.0.tgz"
        },
        "titlecase": {
          "version": "https://registry.npm.taobao.org/titlecase/download/titlecase-1.1.3.tgz"
        },
        "warehouse": {
          "version": "https://registry.npm.taobao.org/warehouse/download/warehouse-3.0.2.tgz"
        }
      }
    },
    "hexo-deployer-git": {
      "version": "2.1.0",
      "resolved": "https://registry.npmjs.org/hexo-deployer-git/-/hexo-deployer-git-2.1.0.tgz",
      "integrity": "sha512-0rx8YVd1UrwD9vUzIPrB7mljLdcmUv0zRj3MAMCBxY7HqI2RM5ZEV0uKxi34qB7LYA80BNl3FWHl2ghO/tKVTA==",
      "requires": {
        "bluebird": "^3.5.0",
        "chalk": "^3.0.0",
        "hexo-fs": "^2.0.0",
        "hexo-util": "^1.0.0",
        "moment": "^2.18.0",
        "swig-templates": "^2.0.2"
      },
      "dependencies": {
        "chalk": {
          "version": "3.0.0",
          "resolved": "https://registry.npmjs.org/chalk/-/chalk-3.0.0.tgz",
          "integrity": "sha512-4D3B6Wf41KOYRFdszmDqMCGq5VV/uMAB273JILmO+3jAlh8X4qDtdtgCR3fxtbLEMzSx22QdhnDcJvu2u1fVwg==",
          "requires": {
            "ansi-styles": "^4.1.0",
            "supports-color": "^7.1.0"
          }
        },
        "has-flag": {
          "version": "4.0.0",
          "resolved": "https://registry.npmjs.org/has-flag/-/has-flag-4.0.0.tgz",
          "integrity": "sha512-EykJT/Q1KjTWctppgIAgfSO0tKVuZUjhgMr17kqTumMl6Afv3EISleU7qZUzoXDFTAHTDC4NOoG/ZxU3EvlMPQ=="
        },
        "moment": {
          "version": "2.26.0",
          "resolved": "https://registry.npmjs.org/moment/-/moment-2.26.0.tgz",
          "integrity": "sha512-oIixUO+OamkUkwjhAVE18rAMfRJNsNe/Stid/gwHSOfHrOtw9EhAY2AHvdKZ/k/MggcYELFCJz/Sn2pL8b8JMw=="
        },
        "supports-color": {
          "version": "7.1.0",
          "resolved": "https://registry.npmjs.org/supports-color/-/supports-color-7.1.0.tgz",
          "integrity": "sha512-oRSIpR8pxT1Wr2FquTNnGet79b3BWljqOuoW/h4oBhxJ/HUbX5nX6JSruTkvXDCFMwDPvsaTTbvMLKZWSy0R5g==",
          "requires": {
            "has-flag": "^4.0.0"
          }
        }
      }
    },
    "hexo-fs": {
      "version": "2.0.1",
      "resolved": "https://registry.npm.taobao.org/hexo-fs/download/hexo-fs-2.0.1.tgz?cache=0&sync_timestamp=1590154522050&other_urls=https%3A%2F%2Fregistry.npm.taobao.org%2Fhexo-fs%2Fdownload%2Fhexo-fs-2.0.1.tgz",
      "requires": {
        "bluebird": "^3.5.1"
      },
      "dependencies": {
        "bluebird": {
          "version": "https://registry.npm.taobao.org/bluebird/download/bluebird-3.7.2.tgz",
          "bundled": true
        },
        "chokidar": {
          "version": "https://registry.npm.taobao.org/chokidar/download/chokidar-3.4.0.tgz?cache=0&sync_timestamp=1587911196018&other_urls=https%3A%2F%2Fregistry.npm.taobao.org%2Fchokidar%2Fdownload%2Fchokidar-3.4.0.tgz",
          "bundled": true
        },
        "escape-string-regexp": {
          "version": "https://registry.npm.taobao.org/escape-string-regexp/download/escape-string-regexp-2.0.0.tgz",
          "bundled": true
        },
        "graceful-fs": {
          "version": "https://registry.npm.taobao.org/graceful-fs/download/graceful-fs-4.2.4.tgz?cache=0&sync_timestamp=1588086905523&other_urls=https%3A%2F%2Fregistry.npm.taobao.org%2Fgraceful-fs%2Fdownload%2Fgraceful-fs-4.2.4.tgz",
          "bundled": true
        }
      }
    },
    "hexo-generator-archive": {
      "version": "1.0.0",
      "resolved": "https://registry.npm.taobao.org/hexo-generator-archive/download/hexo-generator-archive-1.0.0.tgz",
      "dependencies": {
        "hexo-pagination": {
          "version": "https://registry.npm.taobao.org/hexo-pagination/download/hexo-pagination-1.0.0.tgz",
          "bundled": true
        }
      }
    },
    "hexo-generator-category": {
      "version": "1.0.0",
      "resolved": "https://registry.npm.taobao.org/hexo-generator-category/download/hexo-generator-category-1.0.0.tgz",
      "dependencies": {
        "hexo-pagination": {
          "version": "https://registry.npm.taobao.org/hexo-pagination/download/hexo-pagination-1.0.0.tgz",
          "bundled": true
        }
      }
    },
    "hexo-generator-index": {
      "version": "1.0.0",
      "resolved": "https://registry.npm.taobao.org/hexo-generator-index/download/hexo-generator-index-1.0.0.tgz",
      "dependencies": {
        "hexo-pagination": {
          "version": "https://registry.npm.taobao.org/hexo-pagination/download/hexo-pagination-1.0.0.tgz",
          "bundled": true
        }
      }
    },
    "hexo-generator-tag": {
      "version": "1.0.0",
      "resolved": "https://registry.npm.taobao.org/hexo-generator-tag/download/hexo-generator-tag-1.0.0.tgz",
      "dependencies": {
        "hexo-pagination": {
          "version": "https://registry.npm.taobao.org/hexo-pagination/download/hexo-pagination-1.0.0.tgz",
          "bundled": true
        }
      }
    },
    "hexo-renderer-ejs": {
      "version": "1.0.0",
      "resolved": "https://registry.npm.taobao.org/hexo-renderer-ejs/download/hexo-renderer-ejs-1.0.0.tgz",
      "dependencies": {
        "ejs": {
          "version": "https://registry.npm.taobao.org/ejs/download/ejs-2.7.4.tgz?cache=0&other_urls=https%3A%2F%2Fregistry.npm.taobao.org%2Fejs%2Fdownload%2Fejs-2.7.4.tgz"
        }
      }
    },
    "hexo-renderer-marked": {
      "version": "2.0.0",
      "resolved": "https://registry.npm.taobao.org/hexo-renderer-marked/download/hexo-renderer-marked-2.0.0.tgz",
      "requires": {
        "hexo-util": "1.0.0"
      },
      "dependencies": {
        "hexo-util": {
          "version": "https://registry.npm.taobao.org/hexo-util/download/hexo-util-1.0.0.tgz"
        },
        "marked": {
          "version": "https://registry.npm.taobao.org/marked/download/marked-0.7.0.tgz?cache=0&sync_timestamp=1589668788997&other_urls=https%3A%2F%2Fregistry.npm.taobao.org%2Fmarked%2Fdownload%2Fmarked-0.7.0.tgz"
        },
        "strip-indent": {
          "version": "https://registry.npm.taobao.org/strip-indent/download/strip-indent-3.0.0.tgz",
          "dependencies": {
            "min-indent": {
              "version": "https://registry.npm.taobao.org/min-indent/download/min-indent-1.0.1.tgz?cache=0&sync_timestamp=1590693908857&other_urls=https%3A%2F%2Fregistry.npm.taobao.org%2Fmin-indent%2Fdownload%2Fmin-indent-1.0.1.tgz"
            }
          }
        }
      }
    },
    "hexo-renderer-stylus": {
      "version": "1.1.0",
      "resolved": "https://registry.npm.taobao.org/hexo-renderer-stylus/download/hexo-renderer-stylus-1.1.0.tgz",
      "dependencies": {
        "nib": {
          "version": "https://registry.npm.taobao.org/nib/download/nib-1.1.2.tgz",
          "bundled": true,
          "dependencies": {
            "stylus": {
              "version": "https://registry.npm.taobao.org/stylus/download/stylus-0.54.5.tgz"
            }
          }
        },
        "stylus": {
          "version": "https://registry.npm.taobao.org/stylus/download/stylus-0.54.7.tgz",
          "bundled": true
        }
      }
    },
    "hexo-server": {
      "version": "1.0.0",
      "resolved": "https://registry.npm.taobao.org/hexo-server/download/hexo-server-1.0.0.tgz",
      "requires": {
        "bluebird": "^3.5.5"
      },
      "dependencies": {
        "bluebird": {
          "version": "https://registry.npm.taobao.org/bluebird/download/bluebird-3.7.2.tgz"
        },
        "chalk": {
          "version": "https://registry.npm.taobao.org/chalk/download/chalk-2.4.2.tgz?cache=0&sync_timestamp=1585816058734&other_urls=https%3A%2F%2Fregistry.npm.taobao.org%2Fchalk%2Fdownload%2Fchalk-2.4.2.tgz"
        },
        "compression": {
          "version": "https://registry.npm.taobao.org/compression/download/compression-1.7.4.tgz",
          "dependencies": {
            "accepts": {
              "version": "https://registry.npm.taobao.org/accepts/download/accepts-1.3.7.tgz",
              "dependencies": {
                "mime-types": {
                  "version": "https://registry.npm.taobao.org/mime-types/download/mime-types-2.1.27.tgz",
                  "bundled": true
                },
                "negotiator": {
                  "version": "https://registry.npm.taobao.org/negotiator/download/negotiator-0.6.2.tgz",
                  "bundled": true
                }
              }
            },
            "bytes": {
              "version": "https://registry.npm.taobao.org/bytes/download/bytes-3.0.0.tgz"
            },
            "compressible": {
              "version": "https://registry.npm.taobao.org/compressible/download/compressible-2.0.18.tgz"
            },
            "debug": {
              "version": "https://registry.npm.taobao.org/debug/download/debug-2.6.9.tgz"
            },
            "on-headers": {
              "version": "https://registry.npm.taobao.org/on-headers/download/on-headers-1.0.2.tgz"
            },
            "safe-buffer": {
              "version": "https://registry.npm.taobao.org/safe-buffer/download/safe-buffer-5.1.2.tgz?cache=0&sync_timestamp=1589129010497&other_urls=https%3A%2F%2Fregistry.npm.taobao.org%2Fsafe-buffer%2Fdownload%2Fsafe-buffer-5.1.2.tgz"
            },
            "vary": {
              "version": "https://registry.npm.taobao.org/vary/download/vary-1.1.2.tgz"
            }
          }
        },
        "connect": {
          "version": "https://registry.npm.taobao.org/connect/download/connect-3.7.0.tgz",
          "dependencies": {
            "debug": {
              "version": "https://registry.npm.taobao.org/debug/download/debug-2.6.9.tgz",
              "dependencies": {
                "ms": {
                  "version": "https://registry.npm.taobao.org/ms/download/ms-2.0.0.tgz"
                }
              }
            },
            "finalhandler": {
              "version": "https://registry.npm.taobao.org/finalhandler/download/finalhandler-1.1.2.tgz"
            },
            "parseurl": {
              "version": "https://registry.npm.taobao.org/parseurl/download/parseurl-1.3.3.tgz"
            },
            "utils-merge": {
              "version": "https://registry.npm.taobao.org/utils-merge/download/utils-merge-1.0.1.tgz"
            }
          }
        },
        "mime": {
          "version": "https://registry.npm.taobao.org/mime/download/mime-2.4.6.tgz?cache=0&sync_timestamp=1590596728112&other_urls=https%3A%2F%2Fregistry.npm.taobao.org%2Fmime%2Fdownload%2Fmime-2.4.6.tgz"
        },
        "morgan": {
          "version": "https://registry.npm.taobao.org/morgan/download/morgan-1.10.0.tgz?cache=0&sync_timestamp=1584729309065&other_urls=https%3A%2F%2Fregistry.npm.taobao.org%2Fmorgan%2Fdownload%2Fmorgan-1.10.0.tgz"
        },
        "open": {
          "version": "https://registry.npm.taobao.org/open/download/open-6.4.0.tgz"
        },
        "serve-static": {
          "version": "https://registry.npm.taobao.org/serve-static/download/serve-static-1.14.1.tgz"
        }
      }
    },
    "hexo-util": {
      "version": "1.0.0",
      "resolved": "https://registry.npm.taobao.org/hexo-util/download/hexo-util-1.0.0.tgz",
      "requires": {
        "bluebird": "^3.5.2"
      },
      "dependencies": {
        "bluebird": {
          "version": "https://registry.npm.taobao.org/bluebird/download/bluebird-3.7.2.tgz"
        },
        "camel-case": {
          "version": "https://registry.npm.taobao.org/camel-case/download/camel-case-3.0.0.tgz"
        },
        "cross-spawn": {
          "version": "https://registry.npm.taobao.org/cross-spawn/download/cross-spawn-6.0.5.tgz?cache=0&sync_timestamp=1590421014780&other_urls=https%3A%2F%2Fregistry.npm.taobao.org%2Fcross-spawn%2Fdownload%2Fcross-spawn-6.0.5.tgz"
        },
        "highlight.js": {
          "version": "https://registry.npm.taobao.org/highlight.js/download/highlight.js-9.18.1.tgz"
        },
        "html-entities": {
          "version": "https://registry.npm.taobao.org/html-entities/download/html-entities-1.3.1.tgz?cache=0&sync_timestamp=1586616304085&other_urls=https%3A%2F%2Fregistry.npm.taobao.org%2Fhtml-entities%2Fdownload%2Fhtml-entities-1.3.1.tgz"
        },
        "striptags": {
          "version": "https://registry.npm.taobao.org/striptags/download/striptags-3.1.1.tgz"
        }
      }
    },
    "swig-templates": {
      "version": "2.0.3",
      "resolved": "https://registry.npm.taobao.org/swig-templates/download/swig-templates-2.0.3.tgz",
      "dependencies": {
        "optimist": {
          "version": "https://registry.npm.taobao.org/optimist/download/optimist-0.6.1.tgz",
          "bundled": true
        },
        "uglify-js": {
          "version": "https://registry.npm.taobao.org/uglify-js/download/uglify-js-2.6.0.tgz?cache=0&sync_timestamp=1590575862599&other_urls=https%3A%2F%2Fregistry.npm.taobao.org%2Fuglify-js%2Fdownload%2Fuglify-js-2.6.0.tgz",
          "bundled": true
        }
      }
    }
  }
}
